
Microsoft Visual Studio Solution File, Format Version 12.00
# Visual Studio Version 16
VisualStudioVersion = 16.0.30011.22
MinimumVisualStudioVersion = 10.0.40219.1
Project("{9A19103F-16F7-4668-BE54-9A1E7A4F7556}") = "BookListRazor", "BookList\BookListRazor.csproj", "{DC388638-94C5-4C5B-BC8C-F321D4809CAA}"
EndProject
Global
	GlobalSection(SolutionConfigurationPlatforms) = preSolution
		Debug|Any CPU = Debug|Any CPU
		Release|Any CPU = Release|Any CPU
	EndGlobalSection
	GlobalSection(ProjectConfigurationPlatforms) = postSolution
		{DC388638-94C5-4C5B-BC8C-F321D4809CAA}.Debug|Any CPU.ActiveCfg = Debug|Any CPU
		{DC388638-94C5-4C5B-BC8C-F321D4809CAA}.Debug|Any CPU.Build.0 = Debug|Any CPU
		{DC388638-94C5-4C5B-BC8C-F321D4809CAA}.Release|Any CPU.ActiveCfg = Release|Any CPU
		{DC388638-94C5-4C5B-BC8C-F321D4809CAA}.Release|Any CPU.Build.0 = Release|Any CPU
	EndGlobalSection
	GlobalSection(SolutionProperties) = preSolution
		HideSolutionNode = FALSE
	EndGlobalSection
	GlobalSection(ExtensibilityGlobals) = postSolution
		SolutionGuid = {625E2029-33BB-4DD7-8DD2-11F1BDCAC540}
	EndGlobalSection
EndGlobal
